// !$*UTF8*$!
{
	archiveVersion = 1;
	classes = {
	};
	objectVersion = 55;
	objects = {

/* Begin PBXBuildFile section */
		85010BC3284C2ADE00FD2A26 /* HomeViewController.swift in Sources */ = {isa = PBXBuildFile; fileRef = 85010BC2284C2ADE00FD2A26 /* HomeViewController.swift */; };
		85010BC5284C2AED00FD2A26 /* UpcomingViewController.swift in Sources */ = {isa = PBXBuildFile; fileRef = 85010BC4284C2AED00FD2A26 /* UpcomingViewController.swift */; };
		85010BC7284C2AF900FD2A26 /* SearchViewController.swift in Sources */ = {isa = PBXBuildFile; fileRef = 85010BC6284C2AF900FD2A26 /* SearchViewController.swift */; };
		85010BC9284C2B0500FD2A26 /* DownloadsViewController.swift in Sources */ = {isa = PBXBuildFile; fileRef = 85010BC8284C2B0500FD2A26 /* DownloadsViewController.swift */; };
		85806ED3284A7DE000CADA79 /* AppDelegate.swift in Sources */ = {isa = PBXBuildFile; fileRef = 85806ED2284A7DE000CADA79 /* AppDelegate.swift */; };
		85806ED5284A7DE000CADA79 /* SceneDelegate.swift in Sources */ = {isa = PBXBuildFile; fileRef = 85806ED4284A7DE000CADA79 /* SceneDelegate.swift */; };
		85806ED7284A7DE000CADA79 /* MainTabBarViewController.swift in Sources */ = {isa = PBXBuildFile; fileRef = 85806ED6284A7DE000CADA79 /* MainTabBarViewController.swift */; };
		85806EDC284A7DE200CADA79 /* Assets.xcassets in Resources */ = {isa = PBXBuildFile; fileRef = 85806EDB284A7DE200CADA79 /* Assets.xcassets */; };
		85806EDF284A7DE200CADA79 /* LaunchScreen.storyboard in Resources */ = {isa = PBXBuildFile; fileRef = 85806EDD284A7DE200CADA79 /* LaunchScreen.storyboard */; };
/* End PBXBuildFile section */

/* Begin PBXFileReference section */
		85010BC2284C2ADE00FD2A26 /* HomeViewController.swift */ = {isa = PBXFileReference; lastKnownFileType = sourcecode.swift; path = HomeViewController.swift; sourceTree = "<group>"; };
		85010BC4284C2AED00FD2A26 /* UpcomingViewController.swift */ = {isa = PBXFileReference; lastKnownFileType = sourcecode.swift; path = UpcomingViewController.swift; sourceTree = "<group>"; };
		85010BC6284C2AF900FD2A26 /* SearchViewController.swift */ = {isa = PBXFileReference; lastKnownFileType = sourcecode.swift; path = SearchViewController.swift; sourceTree = "<group>"; };
		85010BC8284C2B0500FD2A26 /* DownloadsViewController.swift */ = {isa = PBXFileReference; lastKnownFileType = sourcecode.swift; path = DownloadsViewController.swift; sourceTree = "<group>"; };
		85806ECF284A7DE000CADA79 /* NETFLIX.app */ = {isa = PBXFileReference; explicitFileType = wrapper.application; includeInIndex = 0; path = NETFLIX.app; sourceTree = BUILT_PRODUCTS_DIR; };
		85806ED2284A7DE000CADA79 /* AppDelegate.swift */ = {isa = PBXFileReference; lastKnownFileType = sourcecode.swift; path = AppDelegate.swift; sourceTree = "<group>"; };
		85806ED4284A7DE000CADA79 /* SceneDelegate.swift */ = {isa = PBXFileReference; lastKnownFileType = sourcecode.swift; path = SceneDelegate.swift; sourceTree = "<group>"; };
		85806ED6284A7DE000CADA79 /* MainTabBarViewController.swift */ = {isa = PBXFileReference; lastKnownFileType = sourcecode.swift; path = MainTabBarViewController.swift; sourceTree = "<group>"; };
		85806EDB284A7DE200CADA79 /* Assets.xcassets */ = {isa = PBXFileReference; lastKnownFileType = folder.assetcatalog; path = Assets.xcassets; sourceTree = "<group>"; };
		85806EDE284A7DE200CADA79 /* Base */ = {isa = PBXFileReference; lastKnownFileType = file.storyboard; name = Base; path = Base.lproj/LaunchScreen.storyboard; sourceTree = "<group>"; };
		85806EE0284A7DE200CADA79 /* Info.plist */ = {isa = PBXFileReference; lastKnownFileType = text.plist.xml; path = Info.plist; sourceTree = "<group>"; };
/* End PBXFileReference section */

/* Begin PBXFrameworksBuildPhase section */
		85806ECC284A7DE000CADA79 /* Frameworks */ = {
			isa = PBXFrameworksBuildPhase;
			buildActionMask = 2147483647;
			files = (
			);
			runOnlyForDeploymentPostprocessing = 0;
		};
/* End PBXFrameworksBuildPhase section */

/* Begin PBXGroup section */
		85010BC1284C2ABD00FD2A26 /* Controllers */ = {
			isa = PBXGroup;
			children = (
				85806ED6284A7DE000CADA79 /* MainTabBarViewController.swift */,
				85010BC2284C2ADE00FD2A26 /* HomeViewController.swift */,
				85010BC4284C2AED00FD2A26 /* UpcomingViewController.swift */,
				85010BC6284C2AF900FD2A26 /* SearchViewController.swift */,
				85010BC8284C2B0500FD2A26 /* DownloadsViewController.swift */,
			);
			path = Controllers;
			sourceTree = "<group>";
		};
		85806EC6284A7DE000CADA79 = {
			isa = PBXGroup;
			children = (
				85806ED1284A7DE000CADA79 /* NETFLIX */,
				85806ED0284A7DE000CADA79 /* Products */,
			);
			sourceTree = "<group>";
		};
		85806ED0284A7DE000CADA79 /* Products */ = {
			isa = PBXGroup;
			children = (
				85806ECF284A7DE000CADA79 /* NETFLIX.app */,
			);
			name = Products;
			sourceTree = "<group>";
		};
		85806ED1284A7DE000CADA79 /* NETFLIX */ = {
			isa = PBXGroup;
			children = (
				85010BC1284C2ABD00FD2A26 /* Controllers */,
				85806ED2284A7DE000CADA79 /* AppDelegate.swift */,
				85806ED4284A7DE000CADA79 /* SceneDelegate.swift */,
				85806EDB284A7DE200CADA79 /* Assets.xcassets */,
				85806EDD284A7DE200CADA79 /* LaunchScreen.storyboard */,
				85806EE0284A7DE200CADA79 /* Info.plist */,
			);
			path = NETFLIX;
			sourceTree = "<group>";
		};
/* End PBXGroup section */

/* Begin PBXNativeTarget section */
		85806ECE284A7DE000CADA79 /* NETFLIX */ = {
			isa = PBXNativeTarget;
			buildConfigurationList = 85806EE3284A7DE200CADA79 /* Build configuration list for PBXNativeTarget "NETFLIX" */;
			buildPhases = (
				85806ECB284A7DE000CADA79 /* Sources */,
				85806ECC284A7DE000CADA79 /* Frameworks */,
				85806ECD284A7DE000CADA79 /* Resources */,
			);
			buildRules = (
			);
			dependencies = (
			);
			name = NETFLIX;
			productName = NETFLIX;
			productReference = 85806ECF284A7DE000CADA79 /* NETFLIX.app */;
			productType = "com.apple.product-type.application";
		};
/* End PBXNativeTarget section */

/* Begin PBXProject section */
		85806EC7284A7DE000CADA79 /* Project object */ = {
			isa = PBXProject;
			attributes = {
				BuildIndependentTargetsInParallel = 1;
				LastSwiftUpdateCheck = 1320;
				LastUpgradeCheck = 1320;
				TargetAttributes = {
					85806ECE284A7DE000CADA79 = {
						CreatedOnToolsVersion = 13.2.1;
					};
				};
			};
			buildConfigurationList = 85806ECA284A7DE000CADA79 /* Build configuration list for PBXProject "NETFLIX" */;
			compatibilityVersion = "Xcode 13.0";
			developmentRegion = en;
			hasScannedForEncodings = 0;
			knownRegions = (
				en,
				Base,
			);
			mainGroup = 85806EC6284A7DE000CADA79;
			productRefGroup = 85806ED0284A7DE000CADA79 /* Products */;
			projectDirPath = "";
			projectRoot = "";
			targets = (
				85806ECE284A7DE000CADA79 /* NETFLIX */,
			);
		};
/* End PBXProject section */

/* Begin PBXResourcesBuildPhase section */
		85806ECD284A7DE000CADA79 /* Resources */ = {
			isa = PBXResourcesBuildPhase;
			buildActionMask = 2147483647;
			files = (
				85806EDF284A7DE200CADA79 /* LaunchScreen.storyboard in Resources */,
				85806EDC284A7DE200CADA79 /* Assets.xcassets in Resources */,
			);
			runOnlyForDeploymentPostprocessing = 0;
		};
/* End PBXResourcesBuildPhase section */

/* Begin PBXSourcesBuildPhase section */
		85806ECB284A7DE000CADA79 /* Sources */ = {
			isa = PBXSourcesBuildPhase;
			buildActionMask = 2147483647;
			files = (
				85010BC7284C2AF900FD2A26 /* SearchViewController.swift in Sources */,
				85806ED7284A7DE000CADA79 /* MainTabBarViewController.swift in Sources */,
				85010BC9284C2B0500FD2A26 /* DownloadsViewController.swift in Sources */,
				85806ED3284A7DE000CADA79 /* AppDelegate.swift in Sources */,
				85806ED5284A7DE000CADA79 /* SceneDelegate.swift in Sources */,
				85010BC5284C2AED00FD2A26 /* UpcomingViewController.swift in Sources */,
				85010BC3284C2ADE00FD2A26 /* HomeViewController.swift in Sources */,
			);
			runOnlyForDeploymentPostprocessing = 0;
		};
/* End PBXSourcesBuildPhase section */

/* Begin PBXVariantGroup section */
		85806EDD284A7DE200CADA79 /* LaunchScreen.storyboard */ = {
			isa = PBXVariantGroup;
			children = (
				85806EDE284A7DE200CADA79 /* Base */,
			);
			name = LaunchScreen.storyboard;
			sourceTree = "<group>";
		};
/* End PBXVariantGroup section */

/* Begin XCBuildConfiguration section */
		85806EE1284A7DE200CADA79 /* Debug */ = {
			isa = XCBuildConfiguration;
			buildSettings = {
				ALWAYS_SEARCH_USER_PATHS = NO;
				CLANG_ANALYZER_NONNULL = YES;
				CLANG_ANALYZER_NUMBER_OBJECT_CONVERSION = YES_AGGRESSIVE;
				CLANG_CXX_LANGUAGE_STANDARD = "gnu++17";
				CLANG_CXX_LIBRARY = "libc++";
				CLANG_ENABLE_MODULES = YES;
				CLANG_ENABLE_OBJC_ARC = YES;
				CLANG_ENABLE_OBJC_WEAK = YES;
				CLANG_WARN_BLOCK_CAPTURE_AUTORELEASING = YES;
				CLANG_WARN_BOOL_CONVERSION = YES;
				CLANG_WARN_COMMA = YES;
				CLANG_WARN_CONSTANT_CONVERSION = YES;
				CLANG_WARN_DEPRECATED_OBJC_IMPLEMENTATIONS = YES;
				CLANG_WARN_DIRECT_OBJC_ISA_USAGE = YES_ERROR;
				CLANG_WARN_DOCUMENTATION_COMMENTS = YES;
				CLANG_WARN_EMPTY_BODY = YES;
				CLANG_WARN_ENUM_CONVERSION = YES;
				CLANG_WARN_INFINITE_RECURSION = YES;
				CLANG_WARN_INT_CONVERSION = YES;
				CLANG_WARN_NON_LITERAL_NULL_CONVERSION = YES;
				CLANG_WARN_OBJC_IMPLICIT_RETAIN_SELF = YES;
				CLANG_WARN_OBJC_LITERAL_CONVERSION = YES;
				CLANG_WARN_OBJC_ROOT_CLASS = YES_ERROR;
				CLANG_WARN_QUOTED_INCLUDE_IN_FRAMEWORK_HEADER = YES;
				CLANG_WARN_RANGE_LOOP_ANALYSIS = YES;
				CLANG_WARN_STRICT_PROTOTYPES = YES;
				CLANG_WARN_SUSPICIOUS_MOVE = YES;
				CLANG_WARN_UNGUARDED_AVAILABILITY = YES_AGGRESSIVE;
				CLANG_WARN_UNREACHABLE_CODE = YES;
				CLANG_WARN__DUPLICATE_METHOD_MATCH = YES;
				COPY_PHASE_STRIP = NO;
				DEBUG_INFORMATION_FORMAT = dwarf;
				ENABLE_STRICT_OBJC_MSGSEND = YES;
				ENABLE_TESTABILITY = YES;
				GCC_C_LANGUAGE_STANDARD = gnu11;
				GCC_DYNAMIC_NO_PIC = NO;
				GCC_NO_COMMON_BLOCKS = YES;
				GCC_OPTIMIZATION_LEVEL = 0;
				GCC_PREPROCESSOR_DEFINITIONS = (
					"DEBUG=1",
					"$(inherited)",
				);
				GCC_WARN_64_TO_32_BIT_CONVERSION = YES;
				GCC_WARN_ABOUT_RETURN_TYPE = YES_ERROR;
				GCC_WARN_UNDECLARED_SELECTOR = YES;
				GCC_WARN_UNINITIALIZED_AUTOS = YES_AGGRESSIVE;
				GCC_WARN_UNUSED_FUNCTION = YES;
				GCC_WARN_UNUSED_VARIABLE = YES;
				IPHONEOS_DEPLOYMENT_TARGET = 15.2;
				MTL_ENABLE_DEBUG_INFO = INCLUDE_SOURCE;
				MTL_FAST_MATH = YES;
				ONLY_ACTIVE_ARCH = YES;
				SDKROOT = iphoneos;
				SWIFT_ACTIVE_COMPILATION_CONDITIONS = DEBUG;
				SWIFT_OPTIMIZATION_LEVEL = "-Onone";
			};
			name = Debug;
		};
		85806EE2284A7DE200CADA79 /* Release */ = {
			isa = XCBuildConfiguration;
			buildSettings = {
				ALWAYS_SEARCH_USER_PATHS = NO;
				CLANG_ANALYZER_NONNULL = YES;
				CLANG_ANALYZER_NUMBER_OBJECT_CONVERSION = YES_AGGRESSIVE;
				CLANG_CXX_LANGUAGE_STANDARD = "gnu++17";
				CLANG_CXX_LIBRARY = "libc++";
				CLANG_ENABLE_MODULES = YES;
				CLANG_ENABLE_OBJC_ARC = YES;
				CLANG_ENABLE_OBJC_WEAK = YES;
				CLANG_WARN_BLOCK_CAPTURE_AUTORELEASING = YES;
				CLANG_WARN_BOOL_CONVERSION = YES;
				CLANG_WARN_COMMA = YES;
				CLANG_WARN_CONSTANT_CONVERSION = YES;
				CLANG_WARN_DEPRECATED_OBJC_IMPLEMENTATIONS = YES;
				CLANG_WARN_DIRECT_OBJC_ISA_USAGE = YES_ERROR;
				CLANG_WARN_DOCUMENTATION_COMMENTS = YES;
				CLANG_WARN_EMPTY_BODY = YES;
				CLANG_WARN_ENUM_CONVERSION = YES;
				CLANG_WARN_INFINITE_RECURSION = YES;
				CLANG_WARN_INT_CONVERSION = YES;
				CLANG_WARN_NON_LITERAL_NULL_CONVERSION = YES;
				CLANG_WARN_OBJC_IMPLICIT_RETAIN_SELF = YES;
				CLANG_WARN_OBJC_LITERAL_CONVERSION = YES;
				CLANG_WARN_OBJC_ROOT_CLASS = YES_ERROR;
				CLANG_WARN_QUOTED_INCLUDE_IN_FRAMEWORK_HEADER = YES;
				CLANG_WARN_RANGE_LOOP_ANALYSIS = YES;
				CLANG_WARN_STRICT_PROTOTYPES = YES;
				CLANG_WARN_SUSPICIOUS_MOVE = YES;
				CLANG_WARN_UNGUARDED_AVAILABILITY = YES_AGGRESSIVE;
				CLANG_WARN_UNREACHABLE_CODE = YES;
				CLANG_WARN__DUPLICATE_METHOD_MATCH = YES;
				COPY_PHASE_STRIP = NO;
				DEBUG_INFORMATION_FORMAT = "dwarf-with-dsym";
				ENABLE_NS_ASSERTIONS = NO;
				ENABLE_STRICT_OBJC_MSGSEND = YES;
				GCC_C_LANGUAGE_STANDARD = gnu11;
				GCC_NO_COMMON_BLOCKS = YES;
				GCC_WARN_64_TO_32_BIT_CONVERSION = YES;
				GCC_WARN_ABOUT_RETURN_TYPE = YES_ERROR;
				GCC_WARN_UNDECLARED_SELECTOR = YES;
				GCC_WARN_UNINITIALIZED_AUTOS = YES_AGGRESSIVE;
				GCC_WARN_UNUSED_FUNCTION = YES;
				GCC_WARN_UNUSED_VARIABLE = YES;
				IPHONEOS_DEPLOYMENT_TARGET = 15.2;
				MTL_ENABLE_DEBUG_INFO = NO;
				MTL_FAST_MATH = YES;
				SDKROOT = iphoneos;
				SWIFT_COMPILATION_MODE = wholemodule;
				SWIFT_OPTIMIZATION_LEVEL = "-O";
				VALIDATE_PRODUCT = YES;
			};
			name = Release;
		};
		85806EE4284A7DE200CADA79 /* Debug */ = {
			isa = XCBuildConfiguration;
			buildSettings = {
				ASSETCATALOG_COMPILER_APPICON_NAME = AppIcon;
				ASSETCATALOG_COMPILER_GLOBAL_ACCENT_COLOR_NAME = AccentColor;
				CODE_SIGN_STYLE = Automatic;
				CURRENT_PROJECT_VERSION = 1;
				DEVELOPMENT_TEAM = D9ACXVN2BM;
				GENERATE_INFOPLIST_FILE = YES;
				INFOPLIST_FILE = NETFLIX/Info.plist;
				INFOPLIST_KEY_UIApplicationSupportsIndirectInputEvents = YES;
				INFOPLIST_KEY_UILaunchStoryboardName = LaunchScreen;
				INFOPLIST_KEY_UISupportedInterfaceOrientations_iPad = "UIInterfaceOrientationPortrait UIInterfaceOrientationPortraitUpsideDown UIInterfaceOrientationLandscapeLeft UIInterfaceOrientationLandscapeRight";
				INFOPLIST_KEY_UISupportedInterfaceOrientations_iPhone = "UIInterfaceOrientationPortrait UIInterfaceOrientationLandscapeLeft UIInterfaceOrientationLandscapeRight";
				LD_RUNPATH_SEARCH_PATHS = (
					"$(inherited)",
					"@executable_path/Frameworks",
				);
				MARKETING_VERSION = 1.0;
				PRODUCT_BUNDLE_IDENTIFIER = "omar-ahmed.NETFLIX";
				PRODUCT_NAME = "$(TARGET_NAME)";
				SWIFT_EMIT_LOC_STRINGS = YES;
				SWIFT_VERSION = 5.0;
				TARGETED_DEVICE_FAMILY = "1,2";
			};
			name = Debug;
		};
		85806EE5284A7DE200CADA79 /* Release */ = {
			isa = XCBuildConfiguration;
			buildSettings = {
				ASSETCATALOG_COMPILER_APPICON_NAME = AppIcon;
				ASSETCATALOG_COMPILER_GLOBAL_ACCENT_COLOR_NAME = AccentColor;
				CODE_SIGN_STYLE = Automatic;
				CURRENT_PROJECT_VERSION = 1;
				DEVELOPMENT_TEAM = D9ACXVN2BM;
				GENERATE_INFOPLIST_FILE = YES;
				INFOPLIST_FILE = NETFLIX/Info.plist;
				INFOPLIST_KEY_UIApplicationSupportsIndirectInputEvents = YES;
				INFOPLIST_KEY_UILaunchStoryboardName = LaunchScreen;
				INFOPLIST_KEY_UISupportedInterfaceOrientations_iPad = "UIInterfaceOrientationPortrait UIInterfaceOrientationPortraitUpsideDown UIInterfaceOrientationLandscapeLeft UIInterfaceOrientationLandscapeRight";
				INFOPLIST_KEY_UISupportedInterfaceOrientations_iPhone = "UIInterfaceOrientationPortrait UIInterfaceOrientationLandscapeLeft UIInterfaceOrientationLandscapeRight";
				LD_RUNPATH_SEARCH_PATHS = (
					"$(inherited)",
					"@executable_path/Frameworks",
				);
				MARKETING_VERSION = 1.0;
				PRODUCT_BUNDLE_IDENTIFIER = "omar-ahmed.NETFLIX";
				PRODUCT_NAME = "$(TARGET_NAME)";
				SWIFT_EMIT_LOC_STRINGS = YES;
				SWIFT_VERSION = 5.0;
				TARGETED_DEVICE_FAMILY = "1,2";
			};
			name = Release;
		};
/* End XCBuildConfiguration section */

/* Begin XCConfigurationList section */
		85806ECA284A7DE000CADA79 /* Build configuration list for PBXProject "NETFLIX" */ = {
			isa = XCConfigurationList;
			buildConfigurations = (
				85806EE1284A7DE200CADA79 /* Debug */,
				85806EE2284A7DE200CADA79 /* Release */,
			);
			defaultConfigurationIsVisible = 0;
			defaultConfigurationName = Release;
		};
		85806EE3284A7DE200CADA79 /* Build configuration list for PBXNativeTarget "NETFLIX" */ = {
			isa = XCConfigurationList;
			buildConfigurations = (
				85806EE4284A7DE200CADA79 /* Debug */,
				85806EE5284A7DE200CADA79 /* Release */,
			);
			defaultConfigurationIsVisible = 0;
			defaultConfigurationName = Release;
		};
/* End XCConfigurationList section */
	};
	rootObject = 85806EC7284A7DE000CADA79 /* Project object */;
}
